
Microsoft Visual Studio Solution File, Format Version 12.00
# Visual Studio 14
VisualStudioVersion = 14.0.24720.0
MinimumVisualStudioVersion = 10.0.40219.1
Project("{FAE04EC0-301F-11D3-BF4B-00C04F79EFBC}") = "FleetingTime.MathOperationForString", "FleetingTime.MathOperationForString\FleetingTime.MathOperationForString.csproj", "{F88CAF99-0B36-4A25-BE81-705D56C4CDFC}"
EndProject
Project("{FAE04EC0-301F-11D3-BF4B-00C04F79EFBC}") = "TestClient", "TestClient\TestClient.csproj", "{BF28B281-E321-4A8A-9954-E904F84C12F8}"
EndProject
Project("{2150E333-8FDC-42A3-9474-1A3956D46DE8}") = "File", "File", "{975E985F-2FAD-4501-87DE-EC9C6A25E834}"
	ProjectSection(SolutionItems) = preProject
		..\README.md = ..\README.md
	EndProjectSection
EndProject
Global
	GlobalSection(SolutionConfigurationPlatforms) = preSolution
		Debug|Any CPU = Debug|Any CPU
		Release|Any CPU = Release|Any CPU
	EndGlobalSection
	GlobalSection(ProjectConfigurationPlatforms) = postSolution
		{F88CAF99-0B36-4A25-BE81-705D56C4CDFC}.Debug|Any CPU.ActiveCfg = Debug|Any CPU
		{F88CAF99-0B36-4A25-BE81-705D56C4CDFC}.Debug|Any CPU.Build.0 = Debug|Any CPU
		{F88CAF99-0B36-4A25-BE81-705D56C4CDFC}.Release|Any CPU.ActiveCfg = Release|Any CPU
		{F88CAF99-0B36-4A25-BE81-705D56C4CDFC}.Release|Any CPU.Build.0 = Release|Any CPU
		{BF28B281-E321-4A8A-9954-E904F84C12F8}.Debug|Any CPU.ActiveCfg = Debug|Any CPU
		{BF28B281-E321-4A8A-9954-E904F84C12F8}.Debug|Any CPU.Build.0 = Debug|Any CPU
		{BF28B281-E321-4A8A-9954-E904F84C12F8}.Release|Any CPU.ActiveCfg = Release|Any CPU
		{BF28B281-E321-4A8A-9954-E904F84C12F8}.Release|Any CPU.Build.0 = Release|Any CPU
	EndGlobalSection
	GlobalSection(SolutionProperties) = preSolution
		HideSolutionNode = FALSE
	EndGlobalSection
EndGlobal
